
Microsoft Visual Studio Solution File, Format Version 12.00
Project("{2150E333-8FDC-42A3-9474-1A3956D46DE8}") = "src", "src", "{B4112E94-52EA-464B-9108-3454D2C5EE7C}"
EndProject
Project("{FAE04EC0-301F-11D3-BF4B-00C04F79EFBC}") = "Student.Management.Api", "src\Student.Management.Api\Student.Management.Api.csproj", "{8F5E5F37-741E-48AA-B69E-E021347D8B41}"
EndProject
Project("{FAE04EC0-301F-11D3-BF4B-00C04F79EFBC}") = "Teacher.Management.Api", "src\Teacher.Management.Api\Teacher.Management.Api.csproj", "{ED02320D-95C4-4C02-9215-E61EB6C1C456}"
EndProject
Project("{FAE04EC0-301F-11D3-BF4B-00C04F79EFBC}") = "Course.Management.Api", "src\Course.Management.Api\Course.Management.Api.csproj", "{1F3D142D-4FF4-420B-84FD-B4900955BA6A}"
EndProject
Project("{FAE04EC0-301F-11D3-BF4B-00C04F79EFBC}") = "GradeAndAssessment.Api", "src\GradeAndAssessment.Api\GradeAndAssessment.Api.csproj", "{F5F22D61-C591-4CC4-89E6-E8C6E875B7BC}"
EndProject
Project("{FAE04EC0-301F-11D3-BF4B-00C04F79EFBC}") = "Finance.Management.Api", "src\Finance.Management.Api\Finance.Management.Api.csproj", "{912E8930-DFD1-41CB-9FD1-B70C797F1A8D}"
EndProject
Project("{2150E333-8FDC-42A3-9474-1A3956D46DE8}") = "tests", "tests", "{DF99313F-A389-480C-BC81-E60FCDF60BA9}"
EndProject
Project("{FAE04EC0-301F-11D3-BF4B-00C04F79EFBC}") = "TestStudent.UnitTest", "TestStudent.UnitTest\TestStudent.UnitTest.csproj", "{54FA9D49-35D8-4EC6-91CB-1D1C33136EA1}"
EndProject
Project("{FAE04EC0-301F-11D3-BF4B-00C04F79EFBC}") = "TestTeacher.UnitTest", "TestTeacher.UnitTest\TestTeacher.UnitTest.csproj", "{8C238AE8-9058-4CEF-A35D-6FCA70CD76BD}"
EndProject
Project("{FAE04EC0-301F-11D3-BF4B-00C04F79EFBC}") = "TestCourse.UnitTest", "TestCourse.UnitTest\TestCourse.UnitTest.csproj", "{51DEDEB8-261B-401D-86D2-95A8E0597AB2}"
EndProject
Project("{FAE04EC0-301F-11D3-BF4B-00C04F79EFBC}") = "TestGradeAndAssessment.UnitTest", "TestGradeAndAssessment.UnitTest\TestGradeAndAssessment.UnitTest.csproj", "{28ACCB76-0692-49D0-A162-A743C4ECF86F}"
EndProject
Project("{FAE04EC0-301F-11D3-BF4B-00C04F79EFBC}") = "TestFinance.UnitTest", "TestFinance.UnitTest\TestFinance.UnitTest.csproj", "{1E1D537F-3DDB-43D4-BAC0-95078A83B879}"
EndProject
Global
	GlobalSection(SolutionConfigurationPlatforms) = preSolution
		Debug|Any CPU = Debug|Any CPU
		Release|Any CPU = Release|Any CPU
	EndGlobalSection
	GlobalSection(ProjectConfigurationPlatforms) = postSolution
		{8F5E5F37-741E-48AA-B69E-E021347D8B41}.Debug|Any CPU.ActiveCfg = Debug|Any CPU
		{8F5E5F37-741E-48AA-B69E-E021347D8B41}.Debug|Any CPU.Build.0 = Debug|Any CPU
		{8F5E5F37-741E-48AA-B69E-E021347D8B41}.Release|Any CPU.ActiveCfg = Release|Any CPU
		{8F5E5F37-741E-48AA-B69E-E021347D8B41}.Release|Any CPU.Build.0 = Release|Any CPU
		{ED02320D-95C4-4C02-9215-E61EB6C1C456}.Debug|Any CPU.ActiveCfg = Debug|Any CPU
		{ED02320D-95C4-4C02-9215-E61EB6C1C456}.Debug|Any CPU.Build.0 = Debug|Any CPU
		{ED02320D-95C4-4C02-9215-E61EB6C1C456}.Release|Any CPU.ActiveCfg = Release|Any CPU
		{ED02320D-95C4-4C02-9215-E61EB6C1C456}.Release|Any CPU.Build.0 = Release|Any CPU
		{1F3D142D-4FF4-420B-84FD-B4900955BA6A}.Debug|Any CPU.ActiveCfg = Debug|Any CPU
		{1F3D142D-4FF4-420B-84FD-B4900955BA6A}.Debug|Any CPU.Build.0 = Debug|Any CPU
		{1F3D142D-4FF4-420B-84FD-B4900955BA6A}.Release|Any CPU.ActiveCfg = Release|Any CPU
		{1F3D142D-4FF4-420B-84FD-B4900955BA6A}.Release|Any CPU.Build.0 = Release|Any CPU
		{F5F22D61-C591-4CC4-89E6-E8C6E875B7BC}.Debug|Any CPU.ActiveCfg = Debug|Any CPU
		{F5F22D61-C591-4CC4-89E6-E8C6E875B7BC}.Debug|Any CPU.Build.0 = Debug|Any CPU
		{F5F22D61-C591-4CC4-89E6-E8C6E875B7BC}.Release|Any CPU.ActiveCfg = Release|Any CPU
		{F5F22D61-C591-4CC4-89E6-E8C6E875B7BC}.Release|Any CPU.Build.0 = Release|Any CPU
		{912E8930-DFD1-41CB-9FD1-B70C797F1A8D}.Debug|Any CPU.ActiveCfg = Debug|Any CPU
		{912E8930-DFD1-41CB-9FD1-B70C797F1A8D}.Debug|Any CPU.Build.0 = Debug|Any CPU
		{912E8930-DFD1-41CB-9FD1-B70C797F1A8D}.Release|Any CPU.ActiveCfg = Release|Any CPU
		{912E8930-DFD1-41CB-9FD1-B70C797F1A8D}.Release|Any CPU.Build.0 = Release|Any CPU
		{54FA9D49-35D8-4EC6-91CB-1D1C33136EA1}.Debug|Any CPU.ActiveCfg = Debug|Any CPU
		{54FA9D49-35D8-4EC6-91CB-1D1C33136EA1}.Debug|Any CPU.Build.0 = Debug|Any CPU
		{54FA9D49-35D8-4EC6-91CB-1D1C33136EA1}.Release|Any CPU.ActiveCfg = Release|Any CPU
		{54FA9D49-35D8-4EC6-91CB-1D1C33136EA1}.Release|Any CPU.Build.0 = Release|Any CPU
		{8C238AE8-9058-4CEF-A35D-6FCA70CD76BD}.Debug|Any CPU.ActiveCfg = Debug|Any CPU
		{8C238AE8-9058-4CEF-A35D-6FCA70CD76BD}.Debug|Any CPU.Build.0 = Debug|Any CPU
		{8C238AE8-9058-4CEF-A35D-6FCA70CD76BD}.Release|Any CPU.ActiveCfg = Release|Any CPU
		{8C238AE8-9058-4CEF-A35D-6FCA70CD76BD}.Release|Any CPU.Build.0 = Release|Any CPU
		{51DEDEB8-261B-401D-86D2-95A8E0597AB2}.Debug|Any CPU.ActiveCfg = Debug|Any CPU
		{51DEDEB8-261B-401D-86D2-95A8E0597AB2}.Debug|Any CPU.Build.0 = Debug|Any CPU
		{51DEDEB8-261B-401D-86D2-95A8E0597AB2}.Release|Any CPU.ActiveCfg = Release|Any CPU
		{51DEDEB8-261B-401D-86D2-95A8E0597AB2}.Release|Any CPU.Build.0 = Release|Any CPU
		{28ACCB76-0692-49D0-A162-A743C4ECF86F}.Debug|Any CPU.ActiveCfg = Debug|Any CPU
		{28ACCB76-0692-49D0-A162-A743C4ECF86F}.Debug|Any CPU.Build.0 = Debug|Any CPU
		{28ACCB76-0692-49D0-A162-A743C4ECF86F}.Release|Any CPU.ActiveCfg = Release|Any CPU
		{28ACCB76-0692-49D0-A162-A743C4ECF86F}.Release|Any CPU.Build.0 = Release|Any CPU
		{1E1D537F-3DDB-43D4-BAC0-95078A83B879}.Debug|Any CPU.ActiveCfg = Debug|Any CPU
		{1E1D537F-3DDB-43D4-BAC0-95078A83B879}.Debug|Any CPU.Build.0 = Debug|Any CPU
		{1E1D537F-3DDB-43D4-BAC0-95078A83B879}.Release|Any CPU.ActiveCfg = Release|Any CPU
		{1E1D537F-3DDB-43D4-BAC0-95078A83B879}.Release|Any CPU.Build.0 = Release|Any CPU
	EndGlobalSection
	GlobalSection(NestedProjects) = preSolution
		{8F5E5F37-741E-48AA-B69E-E021347D8B41} = {B4112E94-52EA-464B-9108-3454D2C5EE7C}
		{ED02320D-95C4-4C02-9215-E61EB6C1C456} = {B4112E94-52EA-464B-9108-3454D2C5EE7C}
		{1F3D142D-4FF4-420B-84FD-B4900955BA6A} = {B4112E94-52EA-464B-9108-3454D2C5EE7C}
		{F5F22D61-C591-4CC4-89E6-E8C6E875B7BC} = {B4112E94-52EA-464B-9108-3454D2C5EE7C}
		{912E8930-DFD1-41CB-9FD1-B70C797F1A8D} = {B4112E94-52EA-464B-9108-3454D2C5EE7C}
		{54FA9D49-35D8-4EC6-91CB-1D1C33136EA1} = {DF99313F-A389-480C-BC81-E60FCDF60BA9}
		{8C238AE8-9058-4CEF-A35D-6FCA70CD76BD} = {DF99313F-A389-480C-BC81-E60FCDF60BA9}
		{51DEDEB8-261B-401D-86D2-95A8E0597AB2} = {DF99313F-A389-480C-BC81-E60FCDF60BA9}
		{28ACCB76-0692-49D0-A162-A743C4ECF86F} = {DF99313F-A389-480C-BC81-E60FCDF60BA9}
		{1E1D537F-3DDB-43D4-BAC0-95078A83B879} = {DF99313F-A389-480C-BC81-E60FCDF60BA9}
	EndGlobalSection
EndGlobal
